// !$*UTF8*$!
{
	archiveVersion = 1;
	classes = {
	};
	objectVersion = 55;
	objects = {

/* Begin PBXBuildFile section */
		B948BC3A2806D1BD0004EC6E /* AppDelegate.swift in Sources */ = {isa = PBXBuildFile; fileRef = B948BC392806D1BD0004EC6E /* AppDelegate.swift */; };
		B948BC3C2806D1BD0004EC6E /* SceneDelegate.swift in Sources */ = {isa = PBXBuildFile; fileRef = B948BC3B2806D1BD0004EC6E /* SceneDelegate.swift */; };
		B948BC3E2806D1BD0004EC6E /* ListingViewController.swift in Sources */ = {isa = PBXBuildFile; fileRef = B948BC3D2806D1BD0004EC6E /* ListingViewController.swift */; };
		B948BC432806D1BD0004EC6E /* Assets.xcassets in Resources */ = {isa = PBXBuildFile; fileRef = B948BC422806D1BD0004EC6E /* Assets.xcassets */; };
		B948BC462806D1BD0004EC6E /* LaunchScreen.storyboard in Resources */ = {isa = PBXBuildFile; fileRef = B948BC442806D1BD0004EC6E /* LaunchScreen.storyboard */; };
		B948BC512806D1BD0004EC6E /* GoodAdsTests.swift in Sources */ = {isa = PBXBuildFile; fileRef = B948BC502806D1BD0004EC6E /* GoodAdsTests.swift */; };
		B948BC5B2806D1BE0004EC6E /* GoodAdsUITests.swift in Sources */ = {isa = PBXBuildFile; fileRef = B948BC5A2806D1BE0004EC6E /* GoodAdsUITests.swift */; };
		B948BC5D2806D1BE0004EC6E /* GoodAdsUITestsLaunchTests.swift in Sources */ = {isa = PBXBuildFile; fileRef = B948BC5C2806D1BE0004EC6E /* GoodAdsUITestsLaunchTests.swift */; };
		B948BC6A2806D1DD0004EC6E /* Categories.json in Resources */ = {isa = PBXBuildFile; fileRef = B948BC692806D1DD0004EC6E /* Categories.json */; };
		B948BC6C2806D2090004EC6E /* Listing.json in Resources */ = {isa = PBXBuildFile; fileRef = B948BC6B2806D2090004EC6E /* Listing.json */; };
		B948BC6E2806D2330004EC6E /* Swagger.json in Resources */ = {isa = PBXBuildFile; fileRef = B948BC6D2806D2330004EC6E /* Swagger.json */; };
		B948BC79280717950004EC6E /* ClassifiedAd.swift in Sources */ = {isa = PBXBuildFile; fileRef = B948BC78280717950004EC6E /* ClassifiedAd.swift */; };
		B948BC7C280717C80004EC6E /* Category.swift in Sources */ = {isa = PBXBuildFile; fileRef = B948BC7B280717C80004EC6E /* Category.swift */; };
		B948BC7F2807230D0004EC6E /* ApiService.swift in Sources */ = {isa = PBXBuildFile; fileRef = B948BC7E2807230D0004EC6E /* ApiService.swift */; };
		B948BC812807241C0004EC6E /* ListingService.swift in Sources */ = {isa = PBXBuildFile; fileRef = B948BC802807241C0004EC6E /* ListingService.swift */; };
		B948BC832807245E0004EC6E /* CategoriesService.swift in Sources */ = {isa = PBXBuildFile; fileRef = B948BC822807245E0004EC6E /* CategoriesService.swift */; };
		B948BC86280726C60004EC6E /* NetworkError.swift in Sources */ = {isa = PBXBuildFile; fileRef = B948BC85280726C60004EC6E /* NetworkError.swift */; };
		B948BC8828072D5E0004EC6E /* AdDetailsViewController.swift in Sources */ = {isa = PBXBuildFile; fileRef = B948BC8728072D5E0004EC6E /* AdDetailsViewController.swift */; };
		B950DDCE280B11F600CCC21B /* UILabel+Extension.swift in Sources */ = {isa = PBXBuildFile; fileRef = B950DDCD280B11F600CCC21B /* UILabel+Extension.swift */; };
		B972473D280842BC001FEEA6 /* AdActionsView.swift in Sources */ = {isa = PBXBuildFile; fileRef = B972473C280842BC001FEEA6 /* AdActionsView.swift */; };
		B97247442808675C001FEEA6 /* ListViewModel.swift in Sources */ = {isa = PBXBuildFile; fileRef = B97247432808675C001FEEA6 /* ListViewModel.swift */; };
		B972474728087115001FEEA6 /* AdsView.swift in Sources */ = {isa = PBXBuildFile; fileRef = B972474628087115001FEEA6 /* AdsView.swift */; };
		B9724753280888C7001FEEA6 /* AdDetailScrollView .swift in Sources */ = {isa = PBXBuildFile; fileRef = B9724752280888C7001FEEA6 /* AdDetailScrollView .swift */; };
		B972475C28088C92001FEEA6 /* AdsListTableViewCell.swift in Sources */ = {isa = PBXBuildFile; fileRef = B972475B28088C92001FEEA6 /* AdsListTableViewCell.swift */; };
		B972475E28088E43001FEEA6 /* Tool.swift in Sources */ = {isa = PBXBuildFile; fileRef = B972475D28088E43001FEEA6 /* Tool.swift */; };
		B9724762280890B7001FEEA6 /* UIImageView+Extension.swift in Sources */ = {isa = PBXBuildFile; fileRef = B9724761280890B7001FEEA6 /* UIImageView+Extension.swift */; };
/* End PBXBuildFile section */

/* Begin PBXContainerItemProxy section */
		B948BC4D2806D1BD0004EC6E /* PBXContainerItemProxy */ = {
			isa = PBXContainerItemProxy;
			containerPortal = B948BC2E2806D1BD0004EC6E /* Project object */;
			proxyType = 1;
			remoteGlobalIDString = B948BC352806D1BD0004EC6E;
			remoteInfo = GoodAds;
		};
		B948BC572806D1BE0004EC6E /* PBXContainerItemProxy */ = {
			isa = PBXContainerItemProxy;
			containerPortal = B948BC2E2806D1BD0004EC6E /* Project object */;
			proxyType = 1;
			remoteGlobalIDString = B948BC352806D1BD0004EC6E;
			remoteInfo = GoodAds;
		};
/* End PBXContainerItemProxy section */

/* Begin PBXFileReference section */
		B948BC362806D1BD0004EC6E /* GoodAds.app */ = {isa = PBXFileReference; explicitFileType = wrapper.application; includeInIndex = 0; path = GoodAds.app; sourceTree = BUILT_PRODUCTS_DIR; };
		B948BC392806D1BD0004EC6E /* AppDelegate.swift */ = {isa = PBXFileReference; lastKnownFileType = sourcecode.swift; path = AppDelegate.swift; sourceTree = "<group>"; };
		B948BC3B2806D1BD0004EC6E /* SceneDelegate.swift */ = {isa = PBXFileReference; lastKnownFileType = sourcecode.swift; path = SceneDelegate.swift; sourceTree = "<group>"; };
		B948BC3D2806D1BD0004EC6E /* ListingViewController.swift */ = {isa = PBXFileReference; lastKnownFileType = sourcecode.swift; path = ListingViewController.swift; sourceTree = "<group>"; };
		B948BC422806D1BD0004EC6E /* Assets.xcassets */ = {isa = PBXFileReference; lastKnownFileType = folder.assetcatalog; path = Assets.xcassets; sourceTree = "<group>"; };
		B948BC452806D1BD0004EC6E /* Base */ = {isa = PBXFileReference; lastKnownFileType = file.storyboard; name = Base; path = Base.lproj/LaunchScreen.storyboard; sourceTree = "<group>"; };
		B948BC472806D1BD0004EC6E /* Info.plist */ = {isa = PBXFileReference; lastKnownFileType = text.plist.xml; path = Info.plist; sourceTree = "<group>"; };
		B948BC4C2806D1BD0004EC6E /* GoodAdsTests.xctest */ = {isa = PBXFileReference; explicitFileType = wrapper.cfbundle; includeInIndex = 0; path = GoodAdsTests.xctest; sourceTree = BUILT_PRODUCTS_DIR; };
		B948BC502806D1BD0004EC6E /* GoodAdsTests.swift */ = {isa = PBXFileReference; lastKnownFileType = sourcecode.swift; path = GoodAdsTests.swift; sourceTree = "<group>"; };
		B948BC562806D1BE0004EC6E /* GoodAdsUITests.xctest */ = {isa = PBXFileReference; explicitFileType = wrapper.cfbundle; includeInIndex = 0; path = GoodAdsUITests.xctest; sourceTree = BUILT_PRODUCTS_DIR; };
		B948BC5A2806D1BE0004EC6E /* GoodAdsUITests.swift */ = {isa = PBXFileReference; lastKnownFileType = sourcecode.swift; path = GoodAdsUITests.swift; sourceTree = "<group>"; };
		B948BC5C2806D1BE0004EC6E /* GoodAdsUITestsLaunchTests.swift */ = {isa = PBXFileReference; lastKnownFileType = sourcecode.swift; path = GoodAdsUITestsLaunchTests.swift; sourceTree = "<group>"; };
		B948BC692806D1DD0004EC6E /* Categories.json */ = {isa = PBXFileReference; lastKnownFileType = text.json; path = Categories.json; sourceTree = "<group>"; };
		B948BC6B2806D2090004EC6E /* Listing.json */ = {isa = PBXFileReference; lastKnownFileType = text.json; path = Listing.json; sourceTree = "<group>"; };
		B948BC6D2806D2330004EC6E /* Swagger.json */ = {isa = PBXFileReference; lastKnownFileType = text.json; path = Swagger.json; sourceTree = "<group>"; };
		B948BC78280717950004EC6E /* ClassifiedAd.swift */ = {isa = PBXFileReference; lastKnownFileType = sourcecode.swift; path = ClassifiedAd.swift; sourceTree = "<group>"; };
		B948BC7B280717C80004EC6E /* Category.swift */ = {isa = PBXFileReference; lastKnownFileType = sourcecode.swift; path = Category.swift; sourceTree = "<group>"; };
		B948BC7E2807230D0004EC6E /* ApiService.swift */ = {isa = PBXFileReference; lastKnownFileType = sourcecode.swift; path = ApiService.swift; sourceTree = "<group>"; };
		B948BC802807241C0004EC6E /* ListingService.swift */ = {isa = PBXFileReference; lastKnownFileType = sourcecode.swift; path = ListingService.swift; sourceTree = "<group>"; };
		B948BC822807245E0004EC6E /* CategoriesService.swift */ = {isa = PBXFileReference; lastKnownFileType = sourcecode.swift; path = CategoriesService.swift; sourceTree = "<group>"; };
		B948BC85280726C60004EC6E /* NetworkError.swift */ = {isa = PBXFileReference; lastKnownFileType = sourcecode.swift; path = NetworkError.swift; sourceTree = "<group>"; };
		B948BC8728072D5E0004EC6E /* AdDetailsViewController.swift */ = {isa = PBXFileReference; lastKnownFileType = sourcecode.swift; path = AdDetailsViewController.swift; sourceTree = "<group>"; };
		B950DDCD280B11F600CCC21B /* UILabel+Extension.swift */ = {isa = PBXFileReference; lastKnownFileType = sourcecode.swift; path = "UILabel+Extension.swift"; sourceTree = "<group>"; };
		B972473C280842BC001FEEA6 /* AdActionsView.swift */ = {isa = PBXFileReference; lastKnownFileType = sourcecode.swift; path = AdActionsView.swift; sourceTree = "<group>"; };
		B97247432808675C001FEEA6 /* ListViewModel.swift */ = {isa = PBXFileReference; lastKnownFileType = sourcecode.swift; path = ListViewModel.swift; sourceTree = "<group>"; };
		B972474628087115001FEEA6 /* AdsView.swift */ = {isa = PBXFileReference; lastKnownFileType = sourcecode.swift; path = AdsView.swift; sourceTree = "<group>"; };
		B9724752280888C7001FEEA6 /* AdDetailScrollView .swift */ = {isa = PBXFileReference; lastKnownFileType = sourcecode.swift; path = "AdDetailScrollView .swift"; sourceTree = "<group>"; };
		B972475B28088C92001FEEA6 /* AdsListTableViewCell.swift */ = {isa = PBXFileReference; lastKnownFileType = sourcecode.swift; path = AdsListTableViewCell.swift; sourceTree = "<group>"; };
		B972475D28088E43001FEEA6 /* Tool.swift */ = {isa = PBXFileReference; lastKnownFileType = sourcecode.swift; path = Tool.swift; sourceTree = "<group>"; };
		B9724761280890B7001FEEA6 /* UIImageView+Extension.swift */ = {isa = PBXFileReference; lastKnownFileType = sourcecode.swift; path = "UIImageView+Extension.swift"; sourceTree = "<group>"; };
/* End PBXFileReference section */

/* Begin PBXFrameworksBuildPhase section */
		B948BC332806D1BD0004EC6E /* Frameworks */ = {
			isa = PBXFrameworksBuildPhase;
			buildActionMask = 2147483647;
			files = (
			);
			runOnlyForDeploymentPostprocessing = 0;
		};
		B948BC492806D1BD0004EC6E /* Frameworks */ = {
			isa = PBXFrameworksBuildPhase;
			buildActionMask = 2147483647;
			files = (
			);
			runOnlyForDeploymentPostprocessing = 0;
		};
		B948BC532806D1BE0004EC6E /* Frameworks */ = {
			isa = PBXFrameworksBuildPhase;
			buildActionMask = 2147483647;
			files = (
			);
			runOnlyForDeploymentPostprocessing = 0;
		};
/* End PBXFrameworksBuildPhase section */

/* Begin PBXGroup section */
		B948BC2D2806D1BD0004EC6E = {
			isa = PBXGroup;
			children = (
				B948BC382806D1BD0004EC6E /* GoodAds */,
				B948BC4F2806D1BD0004EC6E /* GoodAdsTests */,
				B948BC592806D1BE0004EC6E /* GoodAdsUITests */,
				B948BC372806D1BD0004EC6E /* Products */,
			);
			sourceTree = "<group>";
		};
		B948BC372806D1BD0004EC6E /* Products */ = {
			isa = PBXGroup;
			children = (
				B948BC362806D1BD0004EC6E /* GoodAds.app */,
				B948BC4C2806D1BD0004EC6E /* GoodAdsTests.xctest */,
				B948BC562806D1BE0004EC6E /* GoodAdsUITests.xctest */,
			);
			name = Products;
			sourceTree = "<group>";
		};
		B948BC382806D1BD0004EC6E /* GoodAds */ = {
			isa = PBXGroup;
			children = (
				B948BC6F2806D6020004EC6E /* App */,
				B948BC732806D6A00004EC6E /* Asset */,
				B948BC752806D6C00004EC6E /* Helper */,
				B948BC702806D6780004EC6E /* Model */,
				B948BC712806D6800004EC6E /* View */,
				B972476028089089001FEEA6 /* ExtensionsView */,
				B948BC84280724700004EC6E /* ViewModel */,
				B948BC722806D6840004EC6E /* Controller */,
				B948BC472806D1BD0004EC6E /* Info.plist */,
			);
			path = GoodAds;
			sourceTree = "<group>";
		};
		B948BC4F2806D1BD0004EC6E /* GoodAdsTests */ = {
			isa = PBXGroup;
			children = (
				B948BC502806D1BD0004EC6E /* GoodAdsTests.swift */,
				B948BC692806D1DD0004EC6E /* Categories.json */,
				B948BC6B2806D2090004EC6E /* Listing.json */,
				B948BC6D2806D2330004EC6E /* Swagger.json */,
			);
			path = GoodAdsTests;
			sourceTree = "<group>";
		};
		B948BC592806D1BE0004EC6E /* GoodAdsUITests */ = {
			isa = PBXGroup;
			children = (
				B948BC5A2806D1BE0004EC6E /* GoodAdsUITests.swift */,
				B948BC5C2806D1BE0004EC6E /* GoodAdsUITestsLaunchTests.swift */,
			);
			path = GoodAdsUITests;
			sourceTree = "<group>";
		};
		B948BC6F2806D6020004EC6E /* App */ = {
			isa = PBXGroup;
			children = (
				B948BC3B2806D1BD0004EC6E /* SceneDelegate.swift */,
				B948BC392806D1BD0004EC6E /* AppDelegate.swift */,
			);
			path = App;
			sourceTree = "<group>";
		};
		B948BC702806D6780004EC6E /* Model */ = {
			isa = PBXGroup;
			children = (
				B948BC772807177A0004EC6E /* DataModel */,
				B948BC7D280722D10004EC6E /* NetworkService */,
			);
			path = Model;
			sourceTree = "<group>";
		};
		B948BC712806D6800004EC6E /* View */ = {
			isa = PBXGroup;
			children = (
				B972474628087115001FEEA6 /* AdsView.swift */,
				B9724752280888C7001FEEA6 /* AdDetailScrollView .swift */,
				B948BC442806D1BD0004EC6E /* LaunchScreen.storyboard */,
				B972475A28088C62001FEEA6 /* Cell */,
			);
			path = View;
			sourceTree = "<group>";
		};
		B948BC722806D6840004EC6E /* Controller */ = {
			isa = PBXGroup;
			children = (
				B948BC3D2806D1BD0004EC6E /* ListingViewController.swift */,
				B948BC8728072D5E0004EC6E /* AdDetailsViewController.swift */,
				B972473E28085D73001FEEA6 /* Extensions */,
			);
			path = Controller;
			sourceTree = "<group>";
		};
		B948BC732806D6A00004EC6E /* Asset */ = {
			isa = PBXGroup;
			children = (
				B948BC422806D1BD0004EC6E /* Assets.xcassets */,
			);
			path = Asset;
			sourceTree = "<group>";
		};
		B948BC752806D6C00004EC6E /* Helper */ = {
			isa = PBXGroup;
			children = (
				B972475D28088E43001FEEA6 /* Tool.swift */,
			);
			path = Helper;
			sourceTree = "<group>";
		};
		B948BC772807177A0004EC6E /* DataModel */ = {
			isa = PBXGroup;
			children = (
				B948BC78280717950004EC6E /* ClassifiedAd.swift */,
				B948BC7B280717C80004EC6E /* Category.swift */,
			);
			path = DataModel;
			sourceTree = "<group>";
		};
		B948BC7D280722D10004EC6E /* NetworkService */ = {
			isa = PBXGroup;
			children = (
				B948BC7E2807230D0004EC6E /* ApiService.swift */,
				B948BC802807241C0004EC6E /* ListingService.swift */,
				B948BC822807245E0004EC6E /* CategoriesService.swift */,
				B948BC85280726C60004EC6E /* NetworkError.swift */,
			);
			path = NetworkService;
			sourceTree = "<group>";
		};
		B948BC84280724700004EC6E /* ViewModel */ = {
			isa = PBXGroup;
			children = (
				B97247432808675C001FEEA6 /* ListViewModel.swift */,
				B972473C280842BC001FEEA6 /* AdActionsView.swift */,
			);
			path = ViewModel;
			sourceTree = "<group>";
		};
		B972473E28085D73001FEEA6 /* Extensions */ = {
			isa = PBXGroup;
			children = (
			);
			path = Extensions;
			sourceTree = "<group>";
		};
		B972475A28088C62001FEEA6 /* Cell */ = {
			isa = PBXGroup;
			children = (
				B972475B28088C92001FEEA6 /* AdsListTableViewCell.swift */,
			);
			path = Cell;
			sourceTree = "<group>";
		};
		B972476028089089001FEEA6 /* ExtensionsView */ = {
			isa = PBXGroup;
			children = (
				B9724761280890B7001FEEA6 /* UIImageView+Extension.swift */,
				B950DDCD280B11F600CCC21B /* UILabel+Extension.swift */,
			);
			path = ExtensionsView;
			sourceTree = "<group>";
		};
/* End PBXGroup section */

/* Begin PBXNativeTarget section */
		B948BC352806D1BD0004EC6E /* GoodAds */ = {
			isa = PBXNativeTarget;
			buildConfigurationList = B948BC602806D1BE0004EC6E /* Build configuration list for PBXNativeTarget "GoodAds" */;
			buildPhases = (
				B948BC322806D1BD0004EC6E /* Sources */,
				B948BC332806D1BD0004EC6E /* Frameworks */,
				B948BC342806D1BD0004EC6E /* Resources */,
			);
			buildRules = (
			);
			dependencies = (
			);
			name = GoodAds;
			productName = GoodAds;
			productReference = B948BC362806D1BD0004EC6E /* GoodAds.app */;
			productType = "com.apple.product-type.application";
		};
		B948BC4B2806D1BD0004EC6E /* GoodAdsTests */ = {
			isa = PBXNativeTarget;
			buildConfigurationList = B948BC632806D1BE0004EC6E /* Build configuration list for PBXNativeTarget "GoodAdsTests" */;
			buildPhases = (
				B948BC482806D1BD0004EC6E /* Sources */,
				B948BC492806D1BD0004EC6E /* Frameworks */,
				B948BC4A2806D1BD0004EC6E /* Resources */,
			);
			buildRules = (
			);
			dependencies = (
				B948BC4E2806D1BD0004EC6E /* PBXTargetDependency */,
			);
			name = GoodAdsTests;
			productName = GoodAdsTests;
			productReference = B948BC4C2806D1BD0004EC6E /* GoodAdsTests.xctest */;
			productType = "com.apple.product-type.bundle.unit-test";
		};
		B948BC552806D1BE0004EC6E /* GoodAdsUITests */ = {
			isa = PBXNativeTarget;
			buildConfigurationList = B948BC662806D1BE0004EC6E /* Build configuration list for PBXNativeTarget "GoodAdsUITests" */;
			buildPhases = (
				B948BC522806D1BE0004EC6E /* Sources */,
				B948BC532806D1BE0004EC6E /* Frameworks */,
				B948BC542806D1BE0004EC6E /* Resources */,
			);
			buildRules = (
			);
			dependencies = (
				B948BC582806D1BE0004EC6E /* PBXTargetDependency */,
			);
			name = GoodAdsUITests;
			productName = GoodAdsUITests;
			productReference = B948BC562806D1BE0004EC6E /* GoodAdsUITests.xctest */;
			productType = "com.apple.product-type.bundle.ui-testing";
		};
/* End PBXNativeTarget section */

/* Begin PBXProject section */
		B948BC2E2806D1BD0004EC6E /* Project object */ = {
			isa = PBXProject;
			attributes = {
				BuildIndependentTargetsInParallel = 1;
				LastSwiftUpdateCheck = 1320;
				LastUpgradeCheck = 1320;
				TargetAttributes = {
					B948BC352806D1BD0004EC6E = {
						CreatedOnToolsVersion = 13.2.1;
					};
					B948BC4B2806D1BD0004EC6E = {
						CreatedOnToolsVersion = 13.2.1;
						TestTargetID = B948BC352806D1BD0004EC6E;
					};
					B948BC552806D1BE0004EC6E = {
						CreatedOnToolsVersion = 13.2.1;
						TestTargetID = B948BC352806D1BD0004EC6E;
					};
				};
			};
			buildConfigurationList = B948BC312806D1BD0004EC6E /* Build configuration list for PBXProject "GoodAds" */;
			compatibilityVersion = "Xcode 13.0";
			developmentRegion = en;
			hasScannedForEncodings = 0;
			knownRegions = (
				en,
				Base,
			);
			mainGroup = B948BC2D2806D1BD0004EC6E;
			productRefGroup = B948BC372806D1BD0004EC6E /* Products */;
			projectDirPath = "";
			projectRoot = "";
			targets = (
				B948BC352806D1BD0004EC6E /* GoodAds */,
				B948BC4B2806D1BD0004EC6E /* GoodAdsTests */,
				B948BC552806D1BE0004EC6E /* GoodAdsUITests */,
			);
		};
/* End PBXProject section */

/* Begin PBXResourcesBuildPhase section */
		B948BC342806D1BD0004EC6E /* Resources */ = {
			isa = PBXResourcesBuildPhase;
			buildActionMask = 2147483647;
			files = (
				B948BC462806D1BD0004EC6E /* LaunchScreen.storyboard in Resources */,
				B948BC432806D1BD0004EC6E /* Assets.xcassets in Resources */,
			);
			runOnlyForDeploymentPostprocessing = 0;
		};
		B948BC4A2806D1BD0004EC6E /* Resources */ = {
			isa = PBXResourcesBuildPhase;
			buildActionMask = 2147483647;
			files = (
				B948BC6E2806D2330004EC6E /* Swagger.json in Resources */,
				B948BC6A2806D1DD0004EC6E /* Categories.json in Resources */,
				B948BC6C2806D2090004EC6E /* Listing.json in Resources */,
			);
			runOnlyForDeploymentPostprocessing = 0;
		};
		B948BC542806D1BE0004EC6E /* Resources */ = {
			isa = PBXResourcesBuildPhase;
			buildActionMask = 2147483647;
			files = (
			);
			runOnlyForDeploymentPostprocessing = 0;
		};
/* End PBXResourcesBuildPhase section */

/* Begin PBXSourcesBuildPhase section */
		B948BC322806D1BD0004EC6E /* Sources */ = {
			isa = PBXSourcesBuildPhase;
			buildActionMask = 2147483647;
			files = (
				B948BC3E2806D1BD0004EC6E /* ListingViewController.swift in Sources */,
				B948BC832807245E0004EC6E /* CategoriesService.swift in Sources */,
				B948BC3A2806D1BD0004EC6E /* AppDelegate.swift in Sources */,
				B972475E28088E43001FEEA6 /* Tool.swift in Sources */,
				B9724762280890B7001FEEA6 /* UIImageView+Extension.swift in Sources */,
				B972473D280842BC001FEEA6 /* AdActionsView.swift in Sources */,
				B97247442808675C001FEEA6 /* ListViewModel.swift in Sources */,
				B948BC812807241C0004EC6E /* ListingService.swift in Sources */,
				B9724753280888C7001FEEA6 /* AdDetailScrollView .swift in Sources */,
				B948BC8828072D5E0004EC6E /* AdDetailsViewController.swift in Sources */,
				B950DDCE280B11F600CCC21B /* UILabel+Extension.swift in Sources */,
				B948BC7F2807230D0004EC6E /* ApiService.swift in Sources */,
				B972475C28088C92001FEEA6 /* AdsListTableViewCell.swift in Sources */,
				B972474728087115001FEEA6 /* AdsView.swift in Sources */,
				B948BC7C280717C80004EC6E /* Category.swift in Sources */,
				B948BC86280726C60004EC6E /* NetworkError.swift in Sources */,
				B948BC79280717950004EC6E /* ClassifiedAd.swift in Sources */,
				B948BC3C2806D1BD0004EC6E /* SceneDelegate.swift in Sources */,
			);
			runOnlyForDeploymentPostprocessing = 0;
		};
		B948BC482806D1BD0004EC6E /* Sources */ = {
			isa = PBXSourcesBuildPhase;
			buildActionMask = 2147483647;
			files = (
				B948BC512806D1BD0004EC6E /* GoodAdsTests.swift in Sources */,
			);
			runOnlyForDeploymentPostprocessing = 0;
		};
		B948BC522806D1BE0004EC6E /* Sources */ = {
			isa = PBXSourcesBuildPhase;
			buildActionMask = 2147483647;
			files = (
				B948BC5D2806D1BE0004EC6E /* GoodAdsUITestsLaunchTests.swift in Sources */,
				B948BC5B2806D1BE0004EC6E /* GoodAdsUITests.swift in Sources */,
			);
			runOnlyForDeploymentPostprocessing = 0;
		};
/* End PBXSourcesBuildPhase section */

/* Begin PBXTargetDependency section */
		B948BC4E2806D1BD0004EC6E /* PBXTargetDependency */ = {
			isa = PBXTargetDependency;
			target = B948BC352806D1BD0004EC6E /* GoodAds */;
			targetProxy = B948BC4D2806D1BD0004EC6E /* PBXContainerItemProxy */;
		};
		B948BC582806D1BE0004EC6E /* PBXTargetDependency */ = {
			isa = PBXTargetDependency;
			target = B948BC352806D1BD0004EC6E /* GoodAds */;
			targetProxy = B948BC572806D1BE0004EC6E /* PBXContainerItemProxy */;
		};
/* End PBXTargetDependency section */

/* Begin PBXVariantGroup section */
		B948BC442806D1BD0004EC6E /* LaunchScreen.storyboard */ = {
			isa = PBXVariantGroup;
			children = (
				B948BC452806D1BD0004EC6E /* Base */,
			);
			name = LaunchScreen.storyboard;
			sourceTree = "<group>";
		};
/* End PBXVariantGroup section */

/* Begin XCBuildConfiguration section */
		B948BC5E2806D1BE0004EC6E /* Debug */ = {
			isa = XCBuildConfiguration;
			buildSettings = {
				ALWAYS_SEARCH_USER_PATHS = NO;
				CLANG_ANALYZER_NONNULL = YES;
				CLANG_ANALYZER_NUMBER_OBJECT_CONVERSION = YES_AGGRESSIVE;
				CLANG_CXX_LANGUAGE_STANDARD = "gnu++17";
				CLANG_CXX_LIBRARY = "libc++";
				CLANG_ENABLE_MODULES = YES;
				CLANG_ENABLE_OBJC_ARC = YES;
				CLANG_ENABLE_OBJC_WEAK = YES;
				CLANG_WARN_BLOCK_CAPTURE_AUTORELEASING = YES;
				CLANG_WARN_BOOL_CONVERSION = YES;
				CLANG_WARN_COMMA = YES;
				CLANG_WARN_CONSTANT_CONVERSION = YES;
				CLANG_WARN_DEPRECATED_OBJC_IMPLEMENTATIONS = YES;
				CLANG_WARN_DIRECT_OBJC_ISA_USAGE = YES_ERROR;
				CLANG_WARN_DOCUMENTATION_COMMENTS = YES;
				CLANG_WARN_EMPTY_BODY = YES;
				CLANG_WARN_ENUM_CONVERSION = YES;
				CLANG_WARN_INFINITE_RECURSION = YES;
				CLANG_WARN_INT_CONVERSION = YES;
				CLANG_WARN_NON_LITERAL_NULL_CONVERSION = YES;
				CLANG_WARN_OBJC_IMPLICIT_RETAIN_SELF = YES;
				CLANG_WARN_OBJC_LITERAL_CONVERSION = YES;
				CLANG_WARN_OBJC_ROOT_CLASS = YES_ERROR;
				CLANG_WARN_QUOTED_INCLUDE_IN_FRAMEWORK_HEADER = YES;
				CLANG_WARN_RANGE_LOOP_ANALYSIS = YES;
				CLANG_WARN_STRICT_PROTOTYPES = YES;
				CLANG_WARN_SUSPICIOUS_MOVE = YES;
				CLANG_WARN_UNGUARDED_AVAILABILITY = YES_AGGRESSIVE;
				CLANG_WARN_UNREACHABLE_CODE = YES;
				CLANG_WARN__DUPLICATE_METHOD_MATCH = YES;
				COPY_PHASE_STRIP = NO;
				DEBUG_INFORMATION_FORMAT = dwarf;
				ENABLE_STRICT_OBJC_MSGSEND = YES;
				ENABLE_TESTABILITY = YES;
				GCC_C_LANGUAGE_STANDARD = gnu11;
				GCC_DYNAMIC_NO_PIC = NO;
				GCC_NO_COMMON_BLOCKS = YES;
				GCC_OPTIMIZATION_LEVEL = 0;
				GCC_PREPROCESSOR_DEFINITIONS = (
					"DEBUG=1",
					"$(inherited)",
				);
				GCC_WARN_64_TO_32_BIT_CONVERSION = YES;
				GCC_WARN_ABOUT_RETURN_TYPE = YES_ERROR;
				GCC_WARN_UNDECLARED_SELECTOR = YES;
				GCC_WARN_UNINITIALIZED_AUTOS = YES_AGGRESSIVE;
				GCC_WARN_UNUSED_FUNCTION = YES;
				GCC_WARN_UNUSED_VARIABLE = YES;
				IPHONEOS_DEPLOYMENT_TARGET = 14.0;
				MTL_ENABLE_DEBUG_INFO = INCLUDE_SOURCE;
				MTL_FAST_MATH = YES;
				ONLY_ACTIVE_ARCH = YES;
				SDKROOT = iphoneos;
				SWIFT_ACTIVE_COMPILATION_CONDITIONS = DEBUG;
				SWIFT_OPTIMIZATION_LEVEL = "-Onone";
			};
			name = Debug;
		};
		B948BC5F2806D1BE0004EC6E /* Release */ = {
			isa = XCBuildConfiguration;
			buildSettings = {
				ALWAYS_SEARCH_USER_PATHS = NO;
				CLANG_ANALYZER_NONNULL = YES;
				CLANG_ANALYZER_NUMBER_OBJECT_CONVERSION = YES_AGGRESSIVE;
				CLANG_CXX_LANGUAGE_STANDARD = "gnu++17";
				CLANG_CXX_LIBRARY = "libc++";
				CLANG_ENABLE_MODULES = YES;
				CLANG_ENABLE_OBJC_ARC = YES;
				CLANG_ENABLE_OBJC_WEAK = YES;
				CLANG_WARN_BLOCK_CAPTURE_AUTORELEASING = YES;
				CLANG_WARN_BOOL_CONVERSION = YES;
				CLANG_WARN_COMMA = YES;
				CLANG_WARN_CONSTANT_CONVERSION = YES;
				CLANG_WARN_DEPRECATED_OBJC_IMPLEMENTATIONS = YES;
				CLANG_WARN_DIRECT_OBJC_ISA_USAGE = YES_ERROR;
				CLANG_WARN_DOCUMENTATION_COMMENTS = YES;
				CLANG_WARN_EMPTY_BODY = YES;
				CLANG_WARN_ENUM_CONVERSION = YES;
				CLANG_WARN_INFINITE_RECURSION = YES;
				CLANG_WARN_INT_CONVERSION = YES;
				CLANG_WARN_NON_LITERAL_NULL_CONVERSION = YES;
				CLANG_WARN_OBJC_IMPLICIT_RETAIN_SELF = YES;
				CLANG_WARN_OBJC_LITERAL_CONVERSION = YES;
				CLANG_WARN_OBJC_ROOT_CLASS = YES_ERROR;
				CLANG_WARN_QUOTED_INCLUDE_IN_FRAMEWORK_HEADER = YES;
				CLANG_WARN_RANGE_LOOP_ANALYSIS = YES;
				CLANG_WARN_STRICT_PROTOTYPES = YES;
				CLANG_WARN_SUSPICIOUS_MOVE = YES;
				CLANG_WARN_UNGUARDED_AVAILABILITY = YES_AGGRESSIVE;
				CLANG_WARN_UNREACHABLE_CODE = YES;
				CLANG_WARN__DUPLICATE_METHOD_MATCH = YES;
				COPY_PHASE_STRIP = NO;
				DEBUG_INFORMATION_FORMAT = "dwarf-with-dsym";
				ENABLE_NS_ASSERTIONS = NO;
				ENABLE_STRICT_OBJC_MSGSEND = YES;
				GCC_C_LANGUAGE_STANDARD = gnu11;
				GCC_NO_COMMON_BLOCKS = YES;
				GCC_WARN_64_TO_32_BIT_CONVERSION = YES;
				GCC_WARN_ABOUT_RETURN_TYPE = YES_ERROR;
				GCC_WARN_UNDECLARED_SELECTOR = YES;
				GCC_WARN_UNINITIALIZED_AUTOS = YES_AGGRESSIVE;
				GCC_WARN_UNUSED_FUNCTION = YES;
				GCC_WARN_UNUSED_VARIABLE = YES;
				IPHONEOS_DEPLOYMENT_TARGET = 14.0;
				MTL_ENABLE_DEBUG_INFO = NO;
				MTL_FAST_MATH = YES;
				SDKROOT = iphoneos;
				SWIFT_COMPILATION_MODE = wholemodule;
				SWIFT_OPTIMIZATION_LEVEL = "-O";
				VALIDATE_PRODUCT = YES;
			};
			name = Release;
		};
		B948BC612806D1BE0004EC6E /* Debug */ = {
			isa = XCBuildConfiguration;
			buildSettings = {
				ASSETCATALOG_COMPILER_APPICON_NAME = AppIcon;
				ASSETCATALOG_COMPILER_GLOBAL_ACCENT_COLOR_NAME = AccentColor;
				CODE_SIGN_STYLE = Automatic;
				CURRENT_PROJECT_VERSION = 1;
				DEVELOPMENT_TEAM = BP4DYC4UP8;
				GENERATE_INFOPLIST_FILE = YES;
				INFOPLIST_FILE = GoodAds/Info.plist;
				INFOPLIST_KEY_UIApplicationSupportsIndirectInputEvents = YES;
				INFOPLIST_KEY_UILaunchStoryboardName = LaunchScreen;
				INFOPLIST_KEY_UISupportedInterfaceOrientations = UIInterfaceOrientationPortrait;
				INFOPLIST_KEY_UISupportedInterfaceOrientations_iPad = UIInterfaceOrientationPortrait;
				INFOPLIST_KEY_UISupportedInterfaceOrientations_iPhone = UIInterfaceOrientationPortrait;
				LD_RUNPATH_SEARCH_PATHS = (
					"$(inherited)",
					"@executable_path/Frameworks",
				);
				MARKETING_VERSION = 1.0;
				PRODUCT_BUNDLE_IDENTIFIER = com.keltoumBelkadi.GoodAds;
				PRODUCT_NAME = "$(TARGET_NAME)";
				SWIFT_EMIT_LOC_STRINGS = YES;
				SWIFT_VERSION = 5.0;
				TARGETED_DEVICE_FAMILY = "1,2";
			};
			name = Debug;
		};
		B948BC622806D1BE0004EC6E /* Release */ = {
			isa = XCBuildConfiguration;
			buildSettings = {
				ASSETCATALOG_COMPILER_APPICON_NAME = AppIcon;
				ASSETCATALOG_COMPILER_GLOBAL_ACCENT_COLOR_NAME = AccentColor;
				CODE_SIGN_STYLE = Automatic;
				CURRENT_PROJECT_VERSION = 1;
				DEVELOPMENT_TEAM = BP4DYC4UP8;
				GENERATE_INFOPLIST_FILE = YES;
				INFOPLIST_FILE = GoodAds/Info.plist;
				INFOPLIST_KEY_UIApplicationSupportsIndirectInputEvents = YES;
				INFOPLIST_KEY_UILaunchStoryboardName = LaunchScreen;
				INFOPLIST_KEY_UISupportedInterfaceOrientations = UIInterfaceOrientationPortrait;
				INFOPLIST_KEY_UISupportedInterfaceOrientations_iPad = UIInterfaceOrientationPortrait;
				INFOPLIST_KEY_UISupportedInterfaceOrientations_iPhone = UIInterfaceOrientationPortrait;
				LD_RUNPATH_SEARCH_PATHS = (
					"$(inherited)",
					"@executable_path/Frameworks",
				);
				MARKETING_VERSION = 1.0;
				PRODUCT_BUNDLE_IDENTIFIER = com.keltoumBelkadi.GoodAds;
				PRODUCT_NAME = "$(TARGET_NAME)";
				SWIFT_EMIT_LOC_STRINGS = YES;
				SWIFT_VERSION = 5.0;
				TARGETED_DEVICE_FAMILY = "1,2";
			};
			name = Release;
		};
		B948BC642806D1BE0004EC6E /* Debug */ = {
			isa = XCBuildConfiguration;
			buildSettings = {
				ALWAYS_EMBED_SWIFT_STANDARD_LIBRARIES = YES;
				BUNDLE_LOADER = "$(TEST_HOST)";
				CODE_SIGN_STYLE = Automatic;
				CURRENT_PROJECT_VERSION = 1;
				DEVELOPMENT_TEAM = BP4DYC4UP8;
				GENERATE_INFOPLIST_FILE = YES;
				IPHONEOS_DEPLOYMENT_TARGET = 15.2;
				MARKETING_VERSION = 1.0;
				PRODUCT_BUNDLE_IDENTIFIER = com.keltoumBelkadi.GoodAdsTests;
				PRODUCT_NAME = "$(TARGET_NAME)";
				SWIFT_EMIT_LOC_STRINGS = NO;
				SWIFT_VERSION = 5.0;
				TARGETED_DEVICE_FAMILY = "1,2";
				TEST_HOST = "$(BUILT_PRODUCTS_DIR)/GoodAds.app/GoodAds";
			};
			name = Debug;
		};
		B948BC652806D1BE0004EC6E /* Release */ = {
			isa = XCBuildConfiguration;
			buildSettings = {
				ALWAYS_EMBED_SWIFT_STANDARD_LIBRARIES = YES;
				BUNDLE_LOADER = "$(TEST_HOST)";
				CODE_SIGN_STYLE = Automatic;
				CURRENT_PROJECT_VERSION = 1;
				DEVELOPMENT_TEAM = BP4DYC4UP8;
				GENERATE_INFOPLIST_FILE = YES;
				IPHONEOS_DEPLOYMENT_TARGET = 15.2;
				MARKETING_VERSION = 1.0;
				PRODUCT_BUNDLE_IDENTIFIER = com.keltoumBelkadi.GoodAdsTests;
				PRODUCT_NAME = "$(TARGET_NAME)";
				SWIFT_EMIT_LOC_STRINGS = NO;
				SWIFT_VERSION = 5.0;
				TARGETED_DEVICE_FAMILY = "1,2";
				TEST_HOST = "$(BUILT_PRODUCTS_DIR)/GoodAds.app/GoodAds";
			};
			name = Release;
		};
		B948BC672806D1BE0004EC6E /* Debug */ = {
			isa = XCBuildConfiguration;
			buildSettings = {
				ALWAYS_EMBED_SWIFT_STANDARD_LIBRARIES = YES;
				CODE_SIGN_STYLE = Automatic;
				CURRENT_PROJECT_VERSION = 1;
				DEVELOPMENT_TEAM = BP4DYC4UP8;
				GENERATE_INFOPLIST_FILE = YES;
				MARKETING_VERSION = 1.0;
				PRODUCT_BUNDLE_IDENTIFIER = com.keltoumBelkadi.GoodAdsUITests;
				PRODUCT_NAME = "$(TARGET_NAME)";
				SWIFT_EMIT_LOC_STRINGS = NO;
				SWIFT_VERSION = 5.0;
				TARGETED_DEVICE_FAMILY = "1,2";
				TEST_TARGET_NAME = GoodAds;
			};
			name = Debug;
		};
		B948BC682806D1BE0004EC6E /* Release */ = {
			isa = XCBuildConfiguration;
			buildSettings = {
				ALWAYS_EMBED_SWIFT_STANDARD_LIBRARIES = YES;
				CODE_SIGN_STYLE = Automatic;
				CURRENT_PROJECT_VERSION = 1;
				DEVELOPMENT_TEAM = BP4DYC4UP8;
				GENERATE_INFOPLIST_FILE = YES;
				MARKETING_VERSION = 1.0;
				PRODUCT_BUNDLE_IDENTIFIER = com.keltoumBelkadi.GoodAdsUITests;
				PRODUCT_NAME = "$(TARGET_NAME)";
				SWIFT_EMIT_LOC_STRINGS = NO;
				SWIFT_VERSION = 5.0;
				TARGETED_DEVICE_FAMILY = "1,2";
				TEST_TARGET_NAME = GoodAds;
			};
			name = Release;
		};
/* End XCBuildConfiguration section */

/* Begin XCConfigurationList section */
		B948BC312806D1BD0004EC6E /* Build configuration list for PBXProject "GoodAds" */ = {
			isa = XCConfigurationList;
			buildConfigurations = (
				B948BC5E2806D1BE0004EC6E /* Debug */,
				B948BC5F2806D1BE0004EC6E /* Release */,
			);
			defaultConfigurationIsVisible = 0;
			defaultConfigurationName = Release;
		};
		B948BC602806D1BE0004EC6E /* Build configuration list for PBXNativeTarget "GoodAds" */ = {
			isa = XCConfigurationList;
			buildConfigurations = (
				B948BC612806D1BE0004EC6E /* Debug */,
				B948BC622806D1BE0004EC6E /* Release */,
			);
			defaultConfigurationIsVisible = 0;
			defaultConfigurationName = Release;
		};
		B948BC632806D1BE0004EC6E /* Build configuration list for PBXNativeTarget "GoodAdsTests" */ = {
			isa = XCConfigurationList;
			buildConfigurations = (
				B948BC642806D1BE0004EC6E /* Debug */,
				B948BC652806D1BE0004EC6E /* Release */,
			);
			defaultConfigurationIsVisible = 0;
			defaultConfigurationName = Release;
		};
		B948BC662806D1BE0004EC6E /* Build configuration list for PBXNativeTarget "GoodAdsUITests" */ = {
			isa = XCConfigurationList;
			buildConfigurations = (
				B948BC672806D1BE0004EC6E /* Debug */,
				B948BC682806D1BE0004EC6E /* Release */,
			);
			defaultConfigurationIsVisible = 0;
			defaultConfigurationName = Release;
		};
/* End XCConfigurationList section */
	};
	rootObject = B948BC2E2806D1BD0004EC6E /* Project object */;
}
